
Microsoft Visual Studio Solution File, Format Version 12.00
# Visual Studio Version 16
VisualStudioVersion = 16.0.30711.63
MinimumVisualStudioVersion = 10.0.40219.1
Project("{FAE04EC0-301F-11D3-BF4B-00C04F79EFBC}") = "OneProject.Medical.Forms", "OneProject.Medical.Forms.csproj", "{5069C8CA-64BA-44BD-8476-7DE37899D754}"
EndProject
Global
	GlobalSection(SolutionConfigurationPlatforms) = preSolution
		Debug|Any CPU = Debug|Any CPU
		Release|Any CPU = Release|Any CPU
	EndGlobalSection
	GlobalSection(ProjectConfigurationPlatforms) = postSolution
		{5069C8CA-64BA-44BD-8476-7DE37899D754}.Debug|Any CPU.ActiveCfg = Debug|Any CPU
		{5069C8CA-64BA-44BD-8476-7DE37899D754}.Debug|Any CPU.Build.0 = Debug|Any CPU
		{5069C8CA-64BA-44BD-8476-7DE37899D754}.Release|Any CPU.ActiveCfg = Release|Any CPU
		{5069C8CA-64BA-44BD-8476-7DE37899D754}.Release|Any CPU.Build.0 = Release|Any CPU
	EndGlobalSection
	GlobalSection(SolutionProperties) = preSolution
		HideSolutionNode = FALSE
	EndGlobalSection
	GlobalSection(ExtensibilityGlobals) = postSolution
		SolutionGuid = {80CFE217-4078-4E02-A55A-707C0D4F9FD2}
	EndGlobalSection
EndGlobal
